
Microsoft Visual Studio Solution File, Format Version 12.00
# Visual Studio Version 17
VisualStudioVersion = 17.14.36414.22 d17.14
MinimumVisualStudioVersion = 10.0.40219.1
Project("{FAE04EC0-301F-11D3-BF4B-00C04F79EFBC}") = "CampusLostFound.Api", "CampusLostFound.Api.csproj", "{307039E6-C1DD-4AC8-83FD-340781310B51}"
EndProject
Global
	GlobalSection(SolutionConfigurationPlatforms) = preSolution
		Debug|Any CPU = Debug|Any CPU
		Release|Any CPU = Release|Any CPU
	EndGlobalSection
	GlobalSection(ProjectConfigurationPlatforms) = postSolution
		{307039E6-C1DD-4AC8-83FD-340781310B51}.Debug|Any CPU.ActiveCfg = Debug|Any CPU
		{307039E6-C1DD-4AC8-83FD-340781310B51}.Debug|Any CPU.Build.0 = Debug|Any CPU
		{307039E6-C1DD-4AC8-83FD-340781310B51}.Release|Any CPU.ActiveCfg = Release|Any CPU
		{307039E6-C1DD-4AC8-83FD-340781310B51}.Release|Any CPU.Build.0 = Release|Any CPU
	EndGlobalSection
	GlobalSection(SolutionProperties) = preSolution
		HideSolutionNode = FALSE
	EndGlobalSection
	GlobalSection(ExtensibilityGlobals) = postSolution
		SolutionGuid = {578340B1-B7F4-4AFF-89E2-F45C21811466}
	EndGlobalSection
EndGlobal
